
Microsoft Visual Studio Solution File, Format Version 11.00
# Visual Studio 2010
Project("{FAE04EC0-301F-11D3-BF4B-00C04F79EFBC}") = "UnityEditor.UI", "UnityEditor.UI.csproj", "{1ca80305-494a-c664-7a38-8bedb7072280}"
EndProject
Project("{FAE04EC0-301F-11D3-BF4B-00C04F79EFBC}") = "Unity.PlasticSCM.Editor", "Unity.PlasticSCM.Editor.csproj", "{cd7fba4f-980f-8d88-df89-5b111eeb57c8}"
EndProject
Project("{FAE04EC0-301F-11D3-BF4B-00C04F79EFBC}") = "UnityEditor.TestRunner", "UnityEditor.TestRunner.csproj", "{15ffa7ad-58c5-d933-93bf-ec6afb14d024}"
EndProject
Project("{FAE04EC0-301F-11D3-BF4B-00C04F79EFBC}") = "UnityEngine.TestRunner", "UnityEngine.TestRunner.csproj", "{b8c816d1-38af-3655-c52d-2c649e4843a9}"
EndProject
Project("{FAE04EC0-301F-11D3-BF4B-00C04F79EFBC}") = "UnityEngine.UI", "UnityEngine.UI.csproj", "{a4b5615c-37ab-abf9-50ad-06af0c4cc294}"
EndProject
Project("{FAE04EC0-301F-11D3-BF4B-00C04F79EFBC}") = "Unity.VisualStudio.Editor", "Unity.VisualStudio.Editor.csproj", "{5df9ecf0-f0f9-9e4a-8148-7356bc441a51}"
EndProject
Project("{FAE04EC0-301F-11D3-BF4B-00C04F79EFBC}") = "Unity.TestTools.CodeCoverage.Editor.OpenCover.Model", "Unity.TestTools.CodeCoverage.Editor.OpenCover.Model.csproj", "{598693ac-4467-19df-d393-1a70ee897a54}"
EndProject
Project("{FAE04EC0-301F-11D3-BF4B-00C04F79EFBC}") = "Unity.Rider.Editor", "Unity.Rider.Editor.csproj", "{694495ff-9111-b728-8bdd-8eecd57b07db}"
EndProject
Project("{FAE04EC0-301F-11D3-BF4B-00C04F79EFBC}") = "Unity.TestTools.CodeCoverage.Editor", "Unity.TestTools.CodeCoverage.Editor.csproj", "{f1164acf-b445-c790-8c0a-8afc868a0dd8}"
EndProject
Project("{FAE04EC0-301F-11D3-BF4B-00C04F79EFBC}") = "Unity.Performance.Profile-Analyzer.Editor", "Unity.Performance.Profile-Analyzer.Editor.csproj", "{9390a2cb-0e94-66e6-e905-ad851655bf32}"
EndProject
Project("{FAE04EC0-301F-11D3-BF4B-00C04F79EFBC}") = "Unity.VSCode.Editor", "Unity.VSCode.Editor.csproj", "{589c603e-af66-3bc7-bda1-51a669a46dcd}"
EndProject
Project("{FAE04EC0-301F-11D3-BF4B-00C04F79EFBC}") = "Unity.Play.Publisher.Editor", "Unity.Play.Publisher.Editor.csproj", "{156bb096-af7b-c4f6-aac3-f3924449f82f}"
EndProject
Project("{FAE04EC0-301F-11D3-BF4B-00C04F79EFBC}") = "Unity.TestTools.CodeCoverage.Editor.OpenCover.Mono.Reflection", "Unity.TestTools.CodeCoverage.Editor.OpenCover.Mono.Reflection.csproj", "{3e5cdb50-eb70-0f99-c916-312dd395aabf}"
EndProject
Project("{FAE04EC0-301F-11D3-BF4B-00C04F79EFBC}") = "Unity.InternalAPIEditorBridgeDev.001", "Unity.InternalAPIEditorBridgeDev.001.csproj", "{599bd3f5-abca-8f71-2e16-b4114314e427}"
EndProject
Project("{FAE04EC0-301F-11D3-BF4B-00C04F79EFBC}") = "Unity.Settings.Editor", "Unity.Settings.Editor.csproj", "{6d792047-d736-fe0a-c54c-62f4e4490fd2}"
EndProject
Project("{FAE04EC0-301F-11D3-BF4B-00C04F79EFBC}") = "Unity.EditorCoroutines.Editor", "Unity.EditorCoroutines.Editor.csproj", "{74c09508-6290-6b67-8373-4cd6abcfbd08}"
EndProject
Project("{FAE04EC0-301F-11D3-BF4B-00C04F79EFBC}") = "Unity.CollabProxy.Editor", "Unity.CollabProxy.Editor.csproj", "{320ac3aa-1316-e953-7bb6-f1c1cf7cec1f}"
EndProject
Project("{FAE04EC0-301F-11D3-BF4B-00C04F79EFBC}") = "UnityEngine.TestRunner", "UnityEngine.TestRunner.Player.csproj", "{b4986714-df0b-f761-55b4-a10b9ebb3b7e}"
EndProject
Project("{FAE04EC0-301F-11D3-BF4B-00C04F79EFBC}") = "UnityEngine.UI", "UnityEngine.UI.Player.csproj", "{8e5b6b9a-b296-d9da-8c44-2f044b84b438}"
EndProject
Project("{FAE04EC0-301F-11D3-BF4B-00C04F79EFBC}") = "Assembly-CSharp-Editor", "Assembly-CSharp-Editor.csproj", "{bb99801b-ac67-0150-8393-ffb3f5f951db}"
EndProject
Project("{FAE04EC0-301F-11D3-BF4B-00C04F79EFBC}") = "Assembly-CSharp", "Assembly-CSharp.csproj", "{7fdfdfae-f055-0e6f-a79c-97bf2d3b8ce7}"
EndProject
Project("{FAE04EC0-301F-11D3-BF4B-00C04F79EFBC}") = "Unity.TestTools.CodeCoverage.Editor.Compatibility", "Unity.TestTools.CodeCoverage.Editor.Compatibility.csproj", "{08239c5e-863f-2bc3-b65f-cd63b1618862}"
EndProject
Project("{FAE04EC0-301F-11D3-BF4B-00C04F79EFBC}") = "Unity.Performance.Profile-Analyzer.EditorTests", "Unity.Performance.Profile-Analyzer.EditorTests.csproj", "{f3494bd5-1cf3-e28f-ed74-6136bd19f151}"
EndProject
Project("{FAE04EC0-301F-11D3-BF4B-00C04F79EFBC}") = "Unity.Settings.Tests", "Unity.Settings.Tests.csproj", "{d1f5a542-cc52-7c15-1348-4257d26ee332}"
EndProject
Project("{FAE04EC0-301F-11D3-BF4B-00C04F79EFBC}") = "UnityEngine.UI.Tests", "UnityEngine.UI.Tests.csproj", "{7abb4787-4360-42fd-cebe-df8dba05c4e6}"
EndProject
Project("{FAE04EC0-301F-11D3-BF4B-00C04F79EFBC}") = "UnityEditor.UI.EditorTests", "UnityEditor.UI.EditorTests.csproj", "{c63a0b33-abb3-367b-905f-73d7b2d080bd}"
EndProject
Project("{FAE04EC0-301F-11D3-BF4B-00C04F79EFBC}") = "Unity.Play.Publisher.Editor.Tests", "Unity.Play.Publisher.Editor.Tests.csproj", "{4c117e7d-95fe-9fa4-5b80-7b8f4c8490c2}"
EndProject
Global
	GlobalSection(SolutionConfigurationPlatforms) = preSolution
		Debug|Any CPU = Debug|Any CPU
	EndGlobalSection
	GlobalSection(ProjectConfigurationPlatforms) = postSolution
		{1ca80305-494a-c664-7a38-8bedb7072280}.Debug|Any CPU.ActiveCfg = Debug|Any CPU
		{1ca80305-494a-c664-7a38-8bedb7072280}.Debug|Any CPU.Build.0 = Debug|Any CPU
		{cd7fba4f-980f-8d88-df89-5b111eeb57c8}.Debug|Any CPU.ActiveCfg = Debug|Any CPU
		{cd7fba4f-980f-8d88-df89-5b111eeb57c8}.Debug|Any CPU.Build.0 = Debug|Any CPU
		{15ffa7ad-58c5-d933-93bf-ec6afb14d024}.Debug|Any CPU.ActiveCfg = Debug|Any CPU
		{15ffa7ad-58c5-d933-93bf-ec6afb14d024}.Debug|Any CPU.Build.0 = Debug|Any CPU
		{b8c816d1-38af-3655-c52d-2c649e4843a9}.Debug|Any CPU.ActiveCfg = Debug|Any CPU
		{b8c816d1-38af-3655-c52d-2c649e4843a9}.Debug|Any CPU.Build.0 = Debug|Any CPU
		{a4b5615c-37ab-abf9-50ad-06af0c4cc294}.Debug|Any CPU.ActiveCfg = Debug|Any CPU
		{a4b5615c-37ab-abf9-50ad-06af0c4cc294}.Debug|Any CPU.Build.0 = Debug|Any CPU
		{5df9ecf0-f0f9-9e4a-8148-7356bc441a51}.Debug|Any CPU.ActiveCfg = Debug|Any CPU
		{5df9ecf0-f0f9-9e4a-8148-7356bc441a51}.Debug|Any CPU.Build.0 = Debug|Any CPU
		{598693ac-4467-19df-d393-1a70ee897a54}.Debug|Any CPU.ActiveCfg = Debug|Any CPU
		{598693ac-4467-19df-d393-1a70ee897a54}.Debug|Any CPU.Build.0 = Debug|Any CPU
		{694495ff-9111-b728-8bdd-8eecd57b07db}.Debug|Any CPU.ActiveCfg = Debug|Any CPU
		{694495ff-9111-b728-8bdd-8eecd57b07db}.Debug|Any CPU.Build.0 = Debug|Any CPU
		{f1164acf-b445-c790-8c0a-8afc868a0dd8}.Debug|Any CPU.ActiveCfg = Debug|Any CPU
		{f1164acf-b445-c790-8c0a-8afc868a0dd8}.Debug|Any CPU.Build.0 = Debug|Any CPU
		{9390a2cb-0e94-66e6-e905-ad851655bf32}.Debug|Any CPU.ActiveCfg = Debug|Any CPU
		{9390a2cb-0e94-66e6-e905-ad851655bf32}.Debug|Any CPU.Build.0 = Debug|Any CPU
		{589c603e-af66-3bc7-bda1-51a669a46dcd}.Debug|Any CPU.ActiveCfg = Debug|Any CPU
		{589c603e-af66-3bc7-bda1-51a669a46dcd}.Debug|Any CPU.Build.0 = Debug|Any CPU
		{156bb096-af7b-c4f6-aac3-f3924449f82f}.Debug|Any CPU.ActiveCfg = Debug|Any CPU
		{156bb096-af7b-c4f6-aac3-f3924449f82f}.Debug|Any CPU.Build.0 = Debug|Any CPU
		{3e5cdb50-eb70-0f99-c916-312dd395aabf}.Debug|Any CPU.ActiveCfg = Debug|Any CPU
		{3e5cdb50-eb70-0f99-c916-312dd395aabf}.Debug|Any CPU.Build.0 = Debug|Any CPU
		{599bd3f5-abca-8f71-2e16-b4114314e427}.Debug|Any CPU.ActiveCfg = Debug|Any CPU
		{599bd3f5-abca-8f71-2e16-b4114314e427}.Debug|Any CPU.Build.0 = Debug|Any CPU
		{6d792047-d736-fe0a-c54c-62f4e4490fd2}.Debug|Any CPU.ActiveCfg = Debug|Any CPU
		{6d792047-d736-fe0a-c54c-62f4e4490fd2}.Debug|Any CPU.Build.0 = Debug|Any CPU
		{74c09508-6290-6b67-8373-4cd6abcfbd08}.Debug|Any CPU.ActiveCfg = Debug|Any CPU
		{74c09508-6290-6b67-8373-4cd6abcfbd08}.Debug|Any CPU.Build.0 = Debug|Any CPU
		{320ac3aa-1316-e953-7bb6-f1c1cf7cec1f}.Debug|Any CPU.ActiveCfg = Debug|Any CPU
		{320ac3aa-1316-e953-7bb6-f1c1cf7cec1f}.Debug|Any CPU.Build.0 = Debug|Any CPU
		{b4986714-df0b-f761-55b4-a10b9ebb3b7e}.Debug|Any CPU.ActiveCfg = Debug|Any CPU
		{b4986714-df0b-f761-55b4-a10b9ebb3b7e}.Debug|Any CPU.Build.0 = Debug|Any CPU
		{8e5b6b9a-b296-d9da-8c44-2f044b84b438}.Debug|Any CPU.ActiveCfg = Debug|Any CPU
		{8e5b6b9a-b296-d9da-8c44-2f044b84b438}.Debug|Any CPU.Build.0 = Debug|Any CPU
		{bb99801b-ac67-0150-8393-ffb3f5f951db}.Debug|Any CPU.ActiveCfg = Debug|Any CPU
		{bb99801b-ac67-0150-8393-ffb3f5f951db}.Debug|Any CPU.Build.0 = Debug|Any CPU
		{7fdfdfae-f055-0e6f-a79c-97bf2d3b8ce7}.Debug|Any CPU.ActiveCfg = Debug|Any CPU
		{7fdfdfae-f055-0e6f-a79c-97bf2d3b8ce7}.Debug|Any CPU.Build.0 = Debug|Any CPU
		{08239c5e-863f-2bc3-b65f-cd63b1618862}.Debug|Any CPU.ActiveCfg = Debug|Any CPU
		{08239c5e-863f-2bc3-b65f-cd63b1618862}.Debug|Any CPU.Build.0 = Debug|Any CPU
		{f3494bd5-1cf3-e28f-ed74-6136bd19f151}.Debug|Any CPU.ActiveCfg = Debug|Any CPU
		{f3494bd5-1cf3-e28f-ed74-6136bd19f151}.Debug|Any CPU.Build.0 = Debug|Any CPU
		{d1f5a542-cc52-7c15-1348-4257d26ee332}.Debug|Any CPU.ActiveCfg = Debug|Any CPU
		{d1f5a542-cc52-7c15-1348-4257d26ee332}.Debug|Any CPU.Build.0 = Debug|Any CPU
		{7abb4787-4360-42fd-cebe-df8dba05c4e6}.Debug|Any CPU.ActiveCfg = Debug|Any CPU
		{7abb4787-4360-42fd-cebe-df8dba05c4e6}.Debug|Any CPU.Build.0 = Debug|Any CPU
		{c63a0b33-abb3-367b-905f-73d7b2d080bd}.Debug|Any CPU.ActiveCfg = Debug|Any CPU
		{c63a0b33-abb3-367b-905f-73d7b2d080bd}.Debug|Any CPU.Build.0 = Debug|Any CPU
		{4c117e7d-95fe-9fa4-5b80-7b8f4c8490c2}.Debug|Any CPU.ActiveCfg = Debug|Any CPU
		{4c117e7d-95fe-9fa4-5b80-7b8f4c8490c2}.Debug|Any CPU.Build.0 = Debug|Any CPU
	EndGlobalSection
	GlobalSection(SolutionProperties) = preSolution
		HideSolutionNode = FALSE
	EndGlobalSection
EndGlobal
