
Microsoft Visual Studio Solution File, Format Version 11.00
# Visual Studio 2010
Project("{FAE04EC0-301F-11D3-BF4B-00C04F79EFBC}") = "Unity.Timeline", "Unity.Timeline.csproj", "{f81d5754-4adf-7780-41d2-9e9d76b995d0}"
EndProject
Project("{FAE04EC0-301F-11D3-BF4B-00C04F79EFBC}") = "Unity.Timeline.Editor", "Unity.Timeline.Editor.csproj", "{2a21c0cc-9f52-0823-78e2-106728621b14}"
EndProject
Project("{FAE04EC0-301F-11D3-BF4B-00C04F79EFBC}") = "Unity.TextMeshPro.Editor", "Unity.TextMeshPro.Editor.csproj", "{e3b31c84-8595-06a6-d862-c96abc3f678a}"
EndProject
Project("{FAE04EC0-301F-11D3-BF4B-00C04F79EFBC}") = "Unity.VisualScripting.Flow", "Unity.VisualScripting.Flow.csproj", "{4c4c9c65-3e24-124b-1d32-0d164cede8d3}"
EndProject
Project("{FAE04EC0-301F-11D3-BF4B-00C04F79EFBC}") = "UnityEditor.UI", "UnityEditor.UI.csproj", "{367be9a7-7634-1e75-c80b-7c918e0255c7}"
EndProject
Project("{FAE04EC0-301F-11D3-BF4B-00C04F79EFBC}") = "Unity.PlasticSCM.Editor", "Unity.PlasticSCM.Editor.csproj", "{719dd62d-c36a-8b21-1c2c-8913481146a2}"
EndProject
Project("{FAE04EC0-301F-11D3-BF4B-00C04F79EFBC}") = "Unity.VisualScripting.Core", "Unity.VisualScripting.Core.csproj", "{8fd84e58-fbe8-0df3-369a-433820ef3488}"
EndProject
Project("{FAE04EC0-301F-11D3-BF4B-00C04F79EFBC}") = "Unity.VisualScripting.Core.Editor", "Unity.VisualScripting.Core.Editor.csproj", "{02e3745f-f8ea-ca81-bf38-13c2396a3194}"
EndProject
Project("{FAE04EC0-301F-11D3-BF4B-00C04F79EFBC}") = "Unity.VisualScripting.Flow.Editor", "Unity.VisualScripting.Flow.Editor.csproj", "{37eb8213-3d8c-3c8f-f224-ce42c183ec45}"
EndProject
Project("{FAE04EC0-301F-11D3-BF4B-00C04F79EFBC}") = "UnityEditor.TestRunner", "UnityEditor.TestRunner.csproj", "{fe672e4f-76c2-386a-bd35-cb054278729c}"
EndProject
Project("{FAE04EC0-301F-11D3-BF4B-00C04F79EFBC}") = "Unity.VisualScripting.SettingsProvider.Editor", "Unity.VisualScripting.SettingsProvider.Editor.csproj", "{b92c5009-8b51-83ca-068f-87d5fe352699}"
EndProject
Project("{FAE04EC0-301F-11D3-BF4B-00C04F79EFBC}") = "UnityEngine.TestRunner", "UnityEngine.TestRunner.csproj", "{490fc170-de0a-74ce-bbc8-33444d6cc65f}"
EndProject
Project("{FAE04EC0-301F-11D3-BF4B-00C04F79EFBC}") = "UnityEngine.UI", "UnityEngine.UI.csproj", "{3c994741-9dd9-3aa3-c8dd-6ce8bd3af66d}"
EndProject
Project("{FAE04EC0-301F-11D3-BF4B-00C04F79EFBC}") = "Unity.VisualStudio.Editor", "Unity.VisualStudio.Editor.csproj", "{3303dc71-9499-37f6-98f9-dbff87e73da8}"
EndProject
Project("{FAE04EC0-301F-11D3-BF4B-00C04F79EFBC}") = "Assembly-CSharp", "Assembly-CSharp.csproj", "{30bb352e-375f-d713-c0de-6644f139ee76}"
EndProject
Project("{FAE04EC0-301F-11D3-BF4B-00C04F79EFBC}") = "Unity.TestTools.CodeCoverage.Editor.OpenCover.Model", "Unity.TestTools.CodeCoverage.Editor.OpenCover.Model.csproj", "{9c4458af-c25d-2de9-7b29-5723a5e18bab}"
EndProject
Project("{FAE04EC0-301F-11D3-BF4B-00C04F79EFBC}") = "Unity.Rider.Editor", "Unity.Rider.Editor.csproj", "{50869df2-0a59-c930-63fc-22202cfb3a9d}"
EndProject
Project("{FAE04EC0-301F-11D3-BF4B-00C04F79EFBC}") = "Unity.VisualScripting.State.Editor", "Unity.VisualScripting.State.Editor.csproj", "{9f9ce118-4e38-f2e1-0e68-96b940ca4769}"
EndProject
Project("{FAE04EC0-301F-11D3-BF4B-00C04F79EFBC}") = "Unity.TestTools.CodeCoverage.Editor", "Unity.TestTools.CodeCoverage.Editor.csproj", "{413f9b7d-4bd2-065d-29cd-ee96f3eb47d3}"
EndProject
Project("{FAE04EC0-301F-11D3-BF4B-00C04F79EFBC}") = "Unity.VisualScripting.State", "Unity.VisualScripting.State.csproj", "{07f0b66d-b593-dd36-b4b2-0435e77215ef}"
EndProject
Project("{FAE04EC0-301F-11D3-BF4B-00C04F79EFBC}") = "Unity.TextMeshPro", "Unity.TextMeshPro.csproj", "{4c251efd-87c7-1451-8ce9-364f05d75a04}"
EndProject
Project("{FAE04EC0-301F-11D3-BF4B-00C04F79EFBC}") = "Unity.Performance.Profile-Analyzer.Editor", "Unity.Performance.Profile-Analyzer.Editor.csproj", "{6b3262ef-193f-dc04-ee9a-a8a84537cd98}"
EndProject
Project("{FAE04EC0-301F-11D3-BF4B-00C04F79EFBC}") = "Unity.VSCode.Editor", "Unity.VSCode.Editor.csproj", "{d7179b58-d38b-9891-3ba8-b07f30918191}"
EndProject
Project("{FAE04EC0-301F-11D3-BF4B-00C04F79EFBC}") = "Unity.Play.Publisher.Editor", "Unity.Play.Publisher.Editor.csproj", "{773e27f8-915f-435b-7bbe-e400af035cf1}"
EndProject
Project("{FAE04EC0-301F-11D3-BF4B-00C04F79EFBC}") = "Unity.TestTools.CodeCoverage.Editor.OpenCover.Mono.Reflection", "Unity.TestTools.CodeCoverage.Editor.OpenCover.Mono.Reflection.csproj", "{7eb8ffde-dd71-84c0-8db8-03d556f2e608}"
EndProject
Project("{FAE04EC0-301F-11D3-BF4B-00C04F79EFBC}") = "Unity.InternalAPIEditorBridgeDev.001", "Unity.InternalAPIEditorBridgeDev.001.csproj", "{e3c8a8b1-2a5f-cefa-165e-87b0b8ad2c15}"
EndProject
Project("{FAE04EC0-301F-11D3-BF4B-00C04F79EFBC}") = "Unity.Settings.Editor", "Unity.Settings.Editor.csproj", "{cf93872b-20c5-2e67-3993-7f05c71b4669}"
EndProject
Project("{FAE04EC0-301F-11D3-BF4B-00C04F79EFBC}") = "Assembly-CSharp-Editor", "Assembly-CSharp-Editor.csproj", "{0d3e0fb4-05a5-71e4-c0aa-c1b1124b04ec}"
EndProject
Project("{FAE04EC0-301F-11D3-BF4B-00C04F79EFBC}") = "Unity.EditorCoroutines.Editor", "Unity.EditorCoroutines.Editor.csproj", "{08e29b73-3627-e935-c6e8-7c8ebc45e517}"
EndProject
Project("{FAE04EC0-301F-11D3-BF4B-00C04F79EFBC}") = "Unity.VisualScripting.Shared.Editor", "Unity.VisualScripting.Shared.Editor.csproj", "{4c4d5d17-b038-2935-0cf3-5ba484d6883f}"
EndProject
Project("{FAE04EC0-301F-11D3-BF4B-00C04F79EFBC}") = "Unity.CollabProxy.Editor", "Unity.CollabProxy.Editor.csproj", "{1d080d17-b6cc-f698-c20f-99f6414a38fc}"
EndProject
Project("{FAE04EC0-301F-11D3-BF4B-00C04F79EFBC}") = "Unity.TestTools.CodeCoverage.Editor.Compatibility", "Unity.TestTools.CodeCoverage.Editor.Compatibility.csproj", "{9a97267f-000d-0def-b287-e87cef73a3ce}"
EndProject
Project("{FAE04EC0-301F-11D3-BF4B-00C04F79EFBC}") = "Unity.TextMeshPro.Editor.Tests", "Unity.TextMeshPro.Editor.Tests.csproj", "{ee3cc5f4-0201-b8cd-1035-18d4fbc2e1e4}"
EndProject
Project("{FAE04EC0-301F-11D3-BF4B-00C04F79EFBC}") = "DocCodeExamples", "DocCodeExamples.csproj", "{069d7e1c-33e7-a446-d644-a34b6624a722}"
EndProject
Project("{FAE04EC0-301F-11D3-BF4B-00C04F79EFBC}") = "Unity.Performance.Profile-Analyzer.EditorTests", "Unity.Performance.Profile-Analyzer.EditorTests.csproj", "{a4287f74-ca5e-9681-0df4-a76d0b8b9a80}"
EndProject
Project("{FAE04EC0-301F-11D3-BF4B-00C04F79EFBC}") = "Unity.Settings.Tests", "Unity.Settings.Tests.csproj", "{c205412a-7332-84ee-1177-73054e51ba7d}"
EndProject
Project("{FAE04EC0-301F-11D3-BF4B-00C04F79EFBC}") = "UnityEngine.UI.Tests", "UnityEngine.UI.Tests.csproj", "{0ac98024-83f6-b8fe-ef97-cf8e774042f2}"
EndProject
Project("{FAE04EC0-301F-11D3-BF4B-00C04F79EFBC}") = "Unity.TextMeshPro.Tests", "Unity.TextMeshPro.Tests.csproj", "{bbac86d1-f67f-56fa-2b85-5ed84d219a14}"
EndProject
Project("{FAE04EC0-301F-11D3-BF4B-00C04F79EFBC}") = "UnityEditor.UI.EditorTests", "UnityEditor.UI.EditorTests.csproj", "{55fbfe28-23e6-1e72-7509-f3ecba781768}"
EndProject
Project("{FAE04EC0-301F-11D3-BF4B-00C04F79EFBC}") = "Unity.Play.Publisher.Editor.Tests", "Unity.Play.Publisher.Editor.Tests.csproj", "{df8cb8d3-b1a5-acfb-69c0-4fbb39b3ab1a}"
EndProject
Global
	GlobalSection(SolutionConfigurationPlatforms) = preSolution
		Debug|Any CPU = Debug|Any CPU
	EndGlobalSection
	GlobalSection(ProjectConfigurationPlatforms) = postSolution
		{f81d5754-4adf-7780-41d2-9e9d76b995d0}.Debug|Any CPU.ActiveCfg = Debug|Any CPU
		{f81d5754-4adf-7780-41d2-9e9d76b995d0}.Debug|Any CPU.Build.0 = Debug|Any CPU
		{2a21c0cc-9f52-0823-78e2-106728621b14}.Debug|Any CPU.ActiveCfg = Debug|Any CPU
		{2a21c0cc-9f52-0823-78e2-106728621b14}.Debug|Any CPU.Build.0 = Debug|Any CPU
		{e3b31c84-8595-06a6-d862-c96abc3f678a}.Debug|Any CPU.ActiveCfg = Debug|Any CPU
		{e3b31c84-8595-06a6-d862-c96abc3f678a}.Debug|Any CPU.Build.0 = Debug|Any CPU
		{4c4c9c65-3e24-124b-1d32-0d164cede8d3}.Debug|Any CPU.ActiveCfg = Debug|Any CPU
		{4c4c9c65-3e24-124b-1d32-0d164cede8d3}.Debug|Any CPU.Build.0 = Debug|Any CPU
		{367be9a7-7634-1e75-c80b-7c918e0255c7}.Debug|Any CPU.ActiveCfg = Debug|Any CPU
		{367be9a7-7634-1e75-c80b-7c918e0255c7}.Debug|Any CPU.Build.0 = Debug|Any CPU
		{719dd62d-c36a-8b21-1c2c-8913481146a2}.Debug|Any CPU.ActiveCfg = Debug|Any CPU
		{719dd62d-c36a-8b21-1c2c-8913481146a2}.Debug|Any CPU.Build.0 = Debug|Any CPU
		{8fd84e58-fbe8-0df3-369a-433820ef3488}.Debug|Any CPU.ActiveCfg = Debug|Any CPU
		{8fd84e58-fbe8-0df3-369a-433820ef3488}.Debug|Any CPU.Build.0 = Debug|Any CPU
		{02e3745f-f8ea-ca81-bf38-13c2396a3194}.Debug|Any CPU.ActiveCfg = Debug|Any CPU
		{02e3745f-f8ea-ca81-bf38-13c2396a3194}.Debug|Any CPU.Build.0 = Debug|Any CPU
		{37eb8213-3d8c-3c8f-f224-ce42c183ec45}.Debug|Any CPU.ActiveCfg = Debug|Any CPU
		{37eb8213-3d8c-3c8f-f224-ce42c183ec45}.Debug|Any CPU.Build.0 = Debug|Any CPU
		{fe672e4f-76c2-386a-bd35-cb054278729c}.Debug|Any CPU.ActiveCfg = Debug|Any CPU
		{fe672e4f-76c2-386a-bd35-cb054278729c}.Debug|Any CPU.Build.0 = Debug|Any CPU
		{b92c5009-8b51-83ca-068f-87d5fe352699}.Debug|Any CPU.ActiveCfg = Debug|Any CPU
		{b92c5009-8b51-83ca-068f-87d5fe352699}.Debug|Any CPU.Build.0 = Debug|Any CPU
		{490fc170-de0a-74ce-bbc8-33444d6cc65f}.Debug|Any CPU.ActiveCfg = Debug|Any CPU
		{490fc170-de0a-74ce-bbc8-33444d6cc65f}.Debug|Any CPU.Build.0 = Debug|Any CPU
		{3c994741-9dd9-3aa3-c8dd-6ce8bd3af66d}.Debug|Any CPU.ActiveCfg = Debug|Any CPU
		{3c994741-9dd9-3aa3-c8dd-6ce8bd3af66d}.Debug|Any CPU.Build.0 = Debug|Any CPU
		{3303dc71-9499-37f6-98f9-dbff87e73da8}.Debug|Any CPU.ActiveCfg = Debug|Any CPU
		{3303dc71-9499-37f6-98f9-dbff87e73da8}.Debug|Any CPU.Build.0 = Debug|Any CPU
		{30bb352e-375f-d713-c0de-6644f139ee76}.Debug|Any CPU.ActiveCfg = Debug|Any CPU
		{30bb352e-375f-d713-c0de-6644f139ee76}.Debug|Any CPU.Build.0 = Debug|Any CPU
		{9c4458af-c25d-2de9-7b29-5723a5e18bab}.Debug|Any CPU.ActiveCfg = Debug|Any CPU
		{9c4458af-c25d-2de9-7b29-5723a5e18bab}.Debug|Any CPU.Build.0 = Debug|Any CPU
		{50869df2-0a59-c930-63fc-22202cfb3a9d}.Debug|Any CPU.ActiveCfg = Debug|Any CPU
		{50869df2-0a59-c930-63fc-22202cfb3a9d}.Debug|Any CPU.Build.0 = Debug|Any CPU
		{9f9ce118-4e38-f2e1-0e68-96b940ca4769}.Debug|Any CPU.ActiveCfg = Debug|Any CPU
		{9f9ce118-4e38-f2e1-0e68-96b940ca4769}.Debug|Any CPU.Build.0 = Debug|Any CPU
		{413f9b7d-4bd2-065d-29cd-ee96f3eb47d3}.Debug|Any CPU.ActiveCfg = Debug|Any CPU
		{413f9b7d-4bd2-065d-29cd-ee96f3eb47d3}.Debug|Any CPU.Build.0 = Debug|Any CPU
		{07f0b66d-b593-dd36-b4b2-0435e77215ef}.Debug|Any CPU.ActiveCfg = Debug|Any CPU
		{07f0b66d-b593-dd36-b4b2-0435e77215ef}.Debug|Any CPU.Build.0 = Debug|Any CPU
		{4c251efd-87c7-1451-8ce9-364f05d75a04}.Debug|Any CPU.ActiveCfg = Debug|Any CPU
		{4c251efd-87c7-1451-8ce9-364f05d75a04}.Debug|Any CPU.Build.0 = Debug|Any CPU
		{6b3262ef-193f-dc04-ee9a-a8a84537cd98}.Debug|Any CPU.ActiveCfg = Debug|Any CPU
		{6b3262ef-193f-dc04-ee9a-a8a84537cd98}.Debug|Any CPU.Build.0 = Debug|Any CPU
		{d7179b58-d38b-9891-3ba8-b07f30918191}.Debug|Any CPU.ActiveCfg = Debug|Any CPU
		{d7179b58-d38b-9891-3ba8-b07f30918191}.Debug|Any CPU.Build.0 = Debug|Any CPU
		{773e27f8-915f-435b-7bbe-e400af035cf1}.Debug|Any CPU.ActiveCfg = Debug|Any CPU
		{773e27f8-915f-435b-7bbe-e400af035cf1}.Debug|Any CPU.Build.0 = Debug|Any CPU
		{7eb8ffde-dd71-84c0-8db8-03d556f2e608}.Debug|Any CPU.ActiveCfg = Debug|Any CPU
		{7eb8ffde-dd71-84c0-8db8-03d556f2e608}.Debug|Any CPU.Build.0 = Debug|Any CPU
		{e3c8a8b1-2a5f-cefa-165e-87b0b8ad2c15}.Debug|Any CPU.ActiveCfg = Debug|Any CPU
		{e3c8a8b1-2a5f-cefa-165e-87b0b8ad2c15}.Debug|Any CPU.Build.0 = Debug|Any CPU
		{cf93872b-20c5-2e67-3993-7f05c71b4669}.Debug|Any CPU.ActiveCfg = Debug|Any CPU
		{cf93872b-20c5-2e67-3993-7f05c71b4669}.Debug|Any CPU.Build.0 = Debug|Any CPU
		{0d3e0fb4-05a5-71e4-c0aa-c1b1124b04ec}.Debug|Any CPU.ActiveCfg = Debug|Any CPU
		{0d3e0fb4-05a5-71e4-c0aa-c1b1124b04ec}.Debug|Any CPU.Build.0 = Debug|Any CPU
		{08e29b73-3627-e935-c6e8-7c8ebc45e517}.Debug|Any CPU.ActiveCfg = Debug|Any CPU
		{08e29b73-3627-e935-c6e8-7c8ebc45e517}.Debug|Any CPU.Build.0 = Debug|Any CPU
		{4c4d5d17-b038-2935-0cf3-5ba484d6883f}.Debug|Any CPU.ActiveCfg = Debug|Any CPU
		{4c4d5d17-b038-2935-0cf3-5ba484d6883f}.Debug|Any CPU.Build.0 = Debug|Any CPU
		{1d080d17-b6cc-f698-c20f-99f6414a38fc}.Debug|Any CPU.ActiveCfg = Debug|Any CPU
		{1d080d17-b6cc-f698-c20f-99f6414a38fc}.Debug|Any CPU.Build.0 = Debug|Any CPU
		{9a97267f-000d-0def-b287-e87cef73a3ce}.Debug|Any CPU.ActiveCfg = Debug|Any CPU
		{9a97267f-000d-0def-b287-e87cef73a3ce}.Debug|Any CPU.Build.0 = Debug|Any CPU
		{ee3cc5f4-0201-b8cd-1035-18d4fbc2e1e4}.Debug|Any CPU.ActiveCfg = Debug|Any CPU
		{ee3cc5f4-0201-b8cd-1035-18d4fbc2e1e4}.Debug|Any CPU.Build.0 = Debug|Any CPU
		{069d7e1c-33e7-a446-d644-a34b6624a722}.Debug|Any CPU.ActiveCfg = Debug|Any CPU
		{069d7e1c-33e7-a446-d644-a34b6624a722}.Debug|Any CPU.Build.0 = Debug|Any CPU
		{a4287f74-ca5e-9681-0df4-a76d0b8b9a80}.Debug|Any CPU.ActiveCfg = Debug|Any CPU
		{a4287f74-ca5e-9681-0df4-a76d0b8b9a80}.Debug|Any CPU.Build.0 = Debug|Any CPU
		{c205412a-7332-84ee-1177-73054e51ba7d}.Debug|Any CPU.ActiveCfg = Debug|Any CPU
		{c205412a-7332-84ee-1177-73054e51ba7d}.Debug|Any CPU.Build.0 = Debug|Any CPU
		{0ac98024-83f6-b8fe-ef97-cf8e774042f2}.Debug|Any CPU.ActiveCfg = Debug|Any CPU
		{0ac98024-83f6-b8fe-ef97-cf8e774042f2}.Debug|Any CPU.Build.0 = Debug|Any CPU
		{bbac86d1-f67f-56fa-2b85-5ed84d219a14}.Debug|Any CPU.ActiveCfg = Debug|Any CPU
		{bbac86d1-f67f-56fa-2b85-5ed84d219a14}.Debug|Any CPU.Build.0 = Debug|Any CPU
		{55fbfe28-23e6-1e72-7509-f3ecba781768}.Debug|Any CPU.ActiveCfg = Debug|Any CPU
		{55fbfe28-23e6-1e72-7509-f3ecba781768}.Debug|Any CPU.Build.0 = Debug|Any CPU
		{df8cb8d3-b1a5-acfb-69c0-4fbb39b3ab1a}.Debug|Any CPU.ActiveCfg = Debug|Any CPU
		{df8cb8d3-b1a5-acfb-69c0-4fbb39b3ab1a}.Debug|Any CPU.Build.0 = Debug|Any CPU
	EndGlobalSection
	GlobalSection(SolutionProperties) = preSolution
		HideSolutionNode = FALSE
	EndGlobalSection
EndGlobal
